<?xml version="1.0" encoding="utf-8"?>
<Project ToolsVersion="4.0" xmlns="http://schemas.microsoft.com/developer/msbuild/2003">
  <ItemGroup>
    <Filter Include="Language">
      <UniqueIdentifier>{ba29b73f-504b-4c1b-b616-7b897ea2f465}</UniqueIdentifier>
    </Filter>
    <Filter Include="Language\Compiler">
      <UniqueIdentifier>{b3ef543b-bebf-4d5c-a63f-ba4d464345e9}</UniqueIdentifier>
    </Filter>
    <Filter Include="Language\Syntax">
      <UniqueIdentifier>{62fe0bc5-e9ac-499e-a179-874dd0fff589}</UniqueIdentifier>
    </Filter>
    <Filter Include="Language\Syntax\Errors">
      <UniqueIdentifier>{efd28ae1-5bd8-4ea5-b20f-b9b5978ea26b}</UniqueIdentifier>
    </Filter>
    <Filter Include="Language\Syntax\Expressions">
      <UniqueIdentifier>{e2505907-f083-495d-8f9b-1cfe66a5b335}</UniqueIdentifier>
    </Filter>
    <Filter Include="Language\Syntax\Types">
      <UniqueIdentifier>{f160fed8-1cde-4a71-bd78-97c47a08f0e4}</UniqueIdentifier>
    </Filter>
    <Filter Include="Language\Syntax\Statements">
      <UniqueIdentifier>{1939cdf1-2f48-4011-bae4-97aa86edae51}</UniqueIdentifier>
    </Filter>
    <Filter Include="Language\Syntax\Variable">
      <UniqueIdentifier>{cc93faf9-7331-4725-b114-4c3abd969451}</UniqueIdentifier>
    </Filter>
    <Filter Include="Language\Syntax::Parser">
      <UniqueIdentifier>{69b1c881-7000-4af8-a179-6df3f7c992ac}</UniqueIdentifier>
    </Filter>
    <Filter Include="Language\Syntax::Parser\Flex &amp; Bison Files">
      <UniqueIdentifier>{e90edcb4-efb2-469a-b511-d5bfcedc1593}</UniqueIdentifier>
    </Filter>
    <Filter Include="Language\Syntax::Parser\Flex &amp; Bison Files\Unused">
      <UniqueIdentifier>{55425d78-3551-431e-9dd9-72e3d0a8829d}</UniqueIdentifier>
    </Filter>
    <Filter Include="Language\Syntax::Parser\Generated Files">
      <UniqueIdentifier>{e7f0048c-3f69-4cdd-94aa-39f6cba9d512}</UniqueIdentifier>
    </Filter>
    <Filter Include="Language\Compiler\Symbols">
      <UniqueIdentifier>{f33edb5a-bfb0-4bbb-9c4d-0fab1f530c58}</UniqueIdentifier>
    </Filter>
    <Filter Include="Language\Syntax\Accessibility">
      <UniqueIdentifier>{f20650f0-32db-4693-afaa-bfae0db015a8}</UniqueIdentifier>
    </Filter>
    <Filter Include="Language\Syntax\Names">
      <UniqueIdentifier>{fffcac80-839d-40cb-ad60-44a0b11535fc}</UniqueIdentifier>
    </Filter>
    <Filter Include="Language\Syntax\Literals">
      <UniqueIdentifier>{2680ad9a-78b0-473c-a064-a3b89bda54b5}</UniqueIdentifier>
    </Filter>
    <Filter Include="Language\Syntax\Members">
      <UniqueIdentifier>{beef4f1f-b52c-49dc-9b1e-c15b8912db3e}</UniqueIdentifier>
    </Filter>
    <Filter Include="Language\Syntax\TypeDeclarations">
      <UniqueIdentifier>{1e59d2ae-b370-4537-bf41-9f74194fcb72}</UniqueIdentifier>
    </Filter>
  </ItemGroup>
  <ItemGroup>
    <ClCompile Include="ArgumentSyntax.cpp">
      <Filter>Language\Syntax\Members</Filter>
    </ClCompile>
    <ClCompile Include="AssignmentExpression.cpp">
      <Filter>Language\Syntax\Expressions</Filter>
    </ClCompile>
    <ClCompile Include="BinaryOperatorExpression.cpp">
      <Filter>Language\Syntax\Expressions</Filter>
    </ClCompile>
    <ClCompile Include="ExpressionDefinedType.cpp">
      <Filter>Language\Syntax\Types</Filter>
    </ClCompile>
    <ClCompile Include="ExpressionStatement.cpp">
      <Filter>Language\Syntax\Statements</Filter>
    </ClCompile>
    <ClCompile Include="PredefinedType.cpp">
      <Filter>Language\Syntax\Types</Filter>
    </ClCompile>
    <ClCompile Include="StatementBlock.cpp">
      <Filter>Language\Syntax\Statements</Filter>
    </ClCompile>
    <ClCompile Include="VariableDeclaratorSyntax.cpp">
      <Filter>Language\Syntax\Variable</Filter>
    </ClCompile>
    <ClCompile Include="OperatorAssignExpression.cpp">
      <Filter>Language\Syntax\Expressions</Filter>
    </ClCompile>
    <ClCompile Include="TotsAotCompiler.cpp">
      <Filter>Language\Compiler</Filter>
    </ClCompile>
    <ClCompile Include="TotsParserDriver.cpp">
      <Filter>Language\Syntax::Parser</Filter>
    </ClCompile>
    <ClCompile Include="SyntaxError.cpp">
      <Filter>Language\Syntax\Errors</Filter>
    </ClCompile>
    <ClCompile Include="SyntaxNode.cpp">
      <Filter>Language\Syntax</Filter>
    </ClCompile>
    <ClCompile Include="SyntaxRoot.cpp">
      <Filter>Language\Syntax</Filter>
    </ClCompile>
    <ClCompile Include="TotsParser.tab.cc">
      <Filter>Language\Syntax::Parser\Generated Files</Filter>
    </ClCompile>
    <ClCompile Include="TotsScanner.yy.cc">
      <Filter>Language\Syntax::Parser\Generated Files</Filter>
    </ClCompile>
    <ClCompile Include="SymbolTable.cpp">
      <Filter>Language\Compiler\Symbols</Filter>
    </ClCompile>
    <ClCompile Include="LocalDeclarationStatement.cpp">
      <Filter>Language\Syntax\Statements</Filter>
    </ClCompile>
    <ClCompile Include="StaticModifierSyntax.cpp">
      <Filter>Language\Syntax\Accessibility</Filter>
    </ClCompile>
    <ClCompile Include="VisibilityModifierSyntax.cpp">
      <Filter>Language\Syntax\Accessibility</Filter>
    </ClCompile>
    <ClCompile Include="VoidType.cpp">
      <Filter>Language\Syntax\Types</Filter>
    </ClCompile>
    <ClCompile Include="NumericLiteralExpression.cpp">
      <Filter>Language\Syntax\Literals</Filter>
    </ClCompile>
    <ClCompile Include="IdentifierNameSyntax.cpp">
      <Filter>Language\Syntax\Names</Filter>
    </ClCompile>
    <ClCompile Include="MemberAccessExpression.cpp">
      <Filter>Language\Syntax\Expressions</Filter>
    </ClCompile>
    <ClCompile Include="ClassDeclaration.cpp">
      <Filter>Language\Syntax\TypeDeclarations</Filter>
    </ClCompile>
    <ClCompile Include="FunctionDeclaration.cpp">
      <Filter>Language\Syntax\Members</Filter>
    </ClCompile>
    <ClCompile Include="FieldDeclaration.cpp">
      <Filter>Language\Syntax\Members</Filter>
    </ClCompile>
    <ClCompile Include="NamespaceDeclaration.cpp">
      <Filter>Language\Syntax\Members</Filter>
    </ClCompile>
    <ClCompile Include="QualifiedNameSyntax.cpp">
      <Filter>Language\Syntax\Names</Filter>
    </ClCompile>
    <ClCompile Include="DeclarationBuilder.cpp">
      <Filter>Language\Compiler</Filter>
    </ClCompile>
  </ItemGroup>
  <ItemGroup>
    <ClInclude Include="ArgumentSyntax.h">
      <Filter>Language\Syntax\Members</Filter>
    </ClInclude>
    <ClInclude Include="AssignmentExpression.h">
      <Filter>Language\Syntax\Expressions</Filter>
    </ClInclude>
    <ClInclude Include="BinaryOperatorExpression.h">
      <Filter>Language\Syntax\Expressions</Filter>
    </ClInclude>
    <ClInclude Include="ExpressionDefinedType.h">
      <Filter>Language\Syntax\Types</Filter>
    </ClInclude>
    <ClInclude Include="ExpressionStatement.h">
      <Filter>Language\Syntax\Statements</Filter>
    </ClInclude>
    <ClInclude Include="ExpressionSyntax.h">
      <Filter>Language\Syntax\Expressions</Filter>
    </ClInclude>
    <ClInclude Include="PredefinedType.h">
      <Filter>Language\Syntax\Types</Filter>
    </ClInclude>
    <ClInclude Include="StatementBlock.h">
      <Filter>Language\Syntax\Statements</Filter>
    </ClInclude>
    <ClInclude Include="StatementSyntax.h">
      <Filter>Language\Syntax\Statements</Filter>
    </ClInclude>
    <ClInclude Include="VariableDeclaratorSyntax.h">
      <Filter>Language\Syntax\Variable</Filter>
    </ClInclude>
    <ClInclude Include="TypeSyntax.h">
      <Filter>Language\Syntax\Types</Filter>
    </ClInclude>
    <ClInclude Include="OperatorAssignExpression.h">
      <Filter>Language\Syntax\Expressions</Filter>
    </ClInclude>
    <ClInclude Include="TotsAotCompiler.h">
      <Filter>Language\Compiler</Filter>
    </ClInclude>
    <ClInclude Include="TotsParserDriver.h">
      <Filter>Language\Syntax::Parser</Filter>
    </ClInclude>
    <ClInclude Include="TotsScanner.h">
      <Filter>Language\Syntax::Parser</Filter>
    </ClInclude>
    <ClInclude Include="SyntaxError.h">
      <Filter>Language\Syntax\Errors</Filter>
    </ClInclude>
    <ClInclude Include="SyntaxKind.h">
      <Filter>Language\Syntax</Filter>
    </ClInclude>
    <ClInclude Include="SyntaxNode.h">
      <Filter>Language\Syntax</Filter>
    </ClInclude>
    <ClInclude Include="SyntaxRoot.h">
      <Filter>Language\Syntax</Filter>
    </ClInclude>
    <ClInclude Include="Keywords.h">
      <Filter>Language</Filter>
    </ClInclude>
    <ClInclude Include="Operators.h">
      <Filter>Language</Filter>
    </ClInclude>
    <ClInclude Include="PredefTypes.h">
      <Filter>Language</Filter>
    </ClInclude>
    <ClInclude Include="stack.hh">
      <Filter>Language\Syntax::Parser\Generated Files</Filter>
    </ClInclude>
    <ClInclude Include="TotsParser.tab.hh">
      <Filter>Language\Syntax::Parser\Generated Files</Filter>
    </ClInclude>
    <ClInclude Include="SymbolTable.h">
      <Filter>Language\Compiler\Symbols</Filter>
    </ClInclude>
    <ClInclude Include="VoidType.h">
      <Filter>Language\Syntax\Types</Filter>
    </ClInclude>
    <ClInclude Include="LocalDeclarationStatement.h">
      <Filter>Language\Syntax\Statements</Filter>
    </ClInclude>
    <ClInclude Include="TypeSyntaxDefs.h">
      <Filter>Language\Syntax\Types</Filter>
    </ClInclude>
    <ClInclude Include="StatementSyntaxDefs.h">
      <Filter>Language\Syntax\Statements</Filter>
    </ClInclude>
    <ClInclude Include="ExpressionSyntaxDefs.h">
      <Filter>Language\Syntax\Expressions</Filter>
    </ClInclude>
    <ClInclude Include="ModuleBuilder.h">
      <Filter>Language\Compiler</Filter>
    </ClInclude>
    <ClInclude Include="FunctionDefBuilder.h">
      <Filter>Language\Compiler</Filter>
    </ClInclude>
    <ClInclude Include="VisibilityModifierSyntax.h">
      <Filter>Language\Syntax\Accessibility</Filter>
    </ClInclude>
    <ClInclude Include="StaticModifierSyntax.h">
      <Filter>Language\Syntax\Accessibility</Filter>
    </ClInclude>
    <ClInclude Include="NameSyntax.h">
      <Filter>Language\Syntax\Names</Filter>
    </ClInclude>
    <ClInclude Include="SimpleNameSyntax.h">
      <Filter>Language\Syntax\Names</Filter>
    </ClInclude>
    <ClInclude Include="NumericLiteralExpression.h">
      <Filter>Language\Syntax\Literals</Filter>
    </ClInclude>
    <ClInclude Include="IdentifierNameSyntax.h">
      <Filter>Language\Syntax\Names</Filter>
    </ClInclude>
    <ClInclude Include="NameSyntaxDefs.h">
      <Filter>Language\Syntax\Names</Filter>
    </ClInclude>
    <ClInclude Include="LiteralSyntaxDefs.h">
      <Filter>Language\Syntax\Literals</Filter>
    </ClInclude>
    <ClInclude Include="MemberAccessExpression.h">
      <Filter>Language\Syntax\Expressions</Filter>
    </ClInclude>
    <ClInclude Include="TypeVisibility.h">
      <Filter>Language</Filter>
    </ClInclude>
    <ClInclude Include="BaseTypeDeclaration.h">
      <Filter>Language\Syntax\TypeDeclarations</Filter>
    </ClInclude>
    <ClInclude Include="ClassDeclaration.h">
      <Filter>Language\Syntax\TypeDeclarations</Filter>
    </ClInclude>
    <ClInclude Include="MemberDeclarationSyntax.h">
      <Filter>Language\Syntax\Members</Filter>
    </ClInclude>
    <ClInclude Include="FunctionDeclaration.h">
      <Filter>Language\Syntax\Members</Filter>
    </ClInclude>
    <ClInclude Include="FieldDeclaration.h">
      <Filter>Language\Syntax\Members</Filter>
    </ClInclude>
    <ClInclude Include="MemberDeclarationDefs.h">
      <Filter>Language\Syntax\Members</Filter>
    </ClInclude>
    <ClInclude Include="NamespaceDeclaration.h">
      <Filter>Language\Syntax\Members</Filter>
    </ClInclude>
    <ClInclude Include="TypeDeclarationDefs.h">
      <Filter>Language\Syntax\TypeDeclarations</Filter>
    </ClInclude>
    <ClInclude Include="DeclarationBuilder.h">
      <Filter>Language\Compiler</Filter>
    </ClInclude>
    <ClInclude Include="QualifiedNameSyntax.h">
      <Filter>Language\Syntax\Names</Filter>
    </ClInclude>
  </ItemGroup>
  <ItemGroup>
    <None Include="TotsParser_unused.y">
      <Filter>Language\Syntax::Parser\Flex &amp; Bison Files\Unused</Filter>
    </None>
    <None Include="TotsLexer_unused.l">
      <Filter>Language\Syntax::Parser\Flex &amp; Bison Files\Unused</Filter>
    </None>
    <None Include="TotsParser.output">
      <Filter>Language\Syntax::Parser\Generated Files</Filter>
    </None>
  </ItemGroup>
  <ItemGroup>
    <CustomBuild Include="TotsParser.yy">
      <Filter>Language\Syntax::Parser\Flex &amp; Bison Files</Filter>
    </CustomBuild>
    <CustomBuild Include="TotsScanner.l">
      <Filter>Language\Syntax::Parser\Flex &amp; Bison Files</Filter>
    </CustomBuild>
  </ItemGroup>
</Project>