<?xml version="1.0" encoding="utf-8"?>
<Project ToolsVersion="4.0" xmlns="http://schemas.microsoft.com/developer/msbuild/2003">
  <ItemGroup>
    <Filter Include="Utilities">
      <UniqueIdentifier>{a39b5ffb-28d1-44ba-ae14-c5a3528b15a7}</UniqueIdentifier>
    </Filter>
    <Filter Include="Execution">
      <UniqueIdentifier>{48950187-0daf-402a-b53b-66618b91c08a}</UniqueIdentifier>
    </Filter>
    <Filter Include="Domain">
      <UniqueIdentifier>{00889efc-0956-407c-b065-e46e2a40c4a9}</UniqueIdentifier>
    </Filter>
    <Filter Include="Domain\Method">
      <UniqueIdentifier>{b91ffbf1-56dc-4f10-9f87-1e3c924fd629}</UniqueIdentifier>
    </Filter>
    <Filter Include="Domain\Method\Dev">
      <UniqueIdentifier>{c6225671-798a-4e2f-b4c2-16e23598ddb6}</UniqueIdentifier>
    </Filter>
    <Filter Include="Execution\Registry">
      <UniqueIdentifier>{c959a164-70fe-4d7f-82e0-bdb1a56c8402}</UniqueIdentifier>
    </Filter>
    <Filter Include="Language">
      <UniqueIdentifier>{4321ac5f-b9e9-42fe-a005-c54f4bcd0cbc}</UniqueIdentifier>
    </Filter>
    <Filter Include="Language\Compiler">
      <UniqueIdentifier>{30be0887-93dd-436d-8ace-38d391355659}</UniqueIdentifier>
    </Filter>
    <Filter Include="Language\Syntax">
      <UniqueIdentifier>{41b9b4b8-580d-4859-b4a8-cc94d05f5b1c}</UniqueIdentifier>
    </Filter>
    <Filter Include="Language\Syntax\Errors">
      <UniqueIdentifier>{929ced01-2b99-40c7-90f1-6f2f1a59c577}</UniqueIdentifier>
    </Filter>
    <Filter Include="Language\Syntax\Expressions">
      <UniqueIdentifier>{8f326517-70b6-4a29-a017-eb248dd4b2ba}</UniqueIdentifier>
    </Filter>
    <Filter Include="Language\Syntax\Functions">
      <UniqueIdentifier>{e3907111-479e-413a-8854-4afe7b9c3317}</UniqueIdentifier>
    </Filter>
    <Filter Include="Language\Syntax\Types">
      <UniqueIdentifier>{939896f7-da53-44db-aff1-159b682d51b0}</UniqueIdentifier>
    </Filter>
    <Filter Include="Language\Syntax\Statements">
      <UniqueIdentifier>{fad0bb49-42b9-48c6-8c9d-c89f8963b5c2}</UniqueIdentifier>
    </Filter>
    <Filter Include="Language\Syntax\Variable">
      <UniqueIdentifier>{21cf404b-ce37-4f45-9fa6-e32907dfdfbc}</UniqueIdentifier>
    </Filter>
    <Filter Include="Language\Syntax::Parser">
      <UniqueIdentifier>{4efbc766-da94-4dc1-81a6-a6c04bc6fc68}</UniqueIdentifier>
    </Filter>
    <Filter Include="Language\Syntax::Parser\Flex &amp; Bison Files">
      <UniqueIdentifier>{7f645ee5-dbc2-428e-9487-6627dc628c75}</UniqueIdentifier>
    </Filter>
    <Filter Include="Language\Syntax::Parser\Flex &amp; Bison Files\Unused">
      <UniqueIdentifier>{6f26fd04-fd6d-4089-90be-032dd9f91763}</UniqueIdentifier>
    </Filter>
    <Filter Include="Language\Syntax::Parser\Generated Files">
      <UniqueIdentifier>{3d5addba-b576-4156-bf4f-00cc6ced569f}</UniqueIdentifier>
    </Filter>
  </ItemGroup>
  <ItemGroup>
    <ClCompile Include="main.cpp" />
    <ClCompile Include="utils.cpp">
      <Filter>Utilities</Filter>
    </ClCompile>
    <ClCompile Include="MethodDefBuilder.cpp">
      <Filter>Domain\Method\Dev</Filter>
    </ClCompile>
    <ClCompile Include="VirtualThreadWorker.cpp">
      <Filter>Execution</Filter>
    </ClCompile>
    <ClCompile Include="Ops.cpp">
      <Filter>Utilities</Filter>
    </ClCompile>
    <ClCompile Include="MethodContext.cpp">
      <Filter>Execution</Filter>
    </ClCompile>
    <ClCompile Include="ExecutionRegistry.cpp">
      <Filter>Execution\Registry</Filter>
    </ClCompile>
    <ClCompile Include="MethodDefTableBuilder.cpp">
      <Filter>Domain\Method\Dev</Filter>
    </ClCompile>
    <ClCompile Include="MethodDef.cpp">
      <Filter>Domain\Method</Filter>
    </ClCompile>
    <ClCompile Include="Compiler\ArgumentSyntax.cpp">
      <Filter>Language\Syntax\Functions</Filter>
    </ClCompile>
    <ClCompile Include="Compiler\AssignmentExpression.cpp">
      <Filter>Language\Syntax\Expressions</Filter>
    </ClCompile>
    <ClCompile Include="Compiler\BinaryOperatorExpression.cpp">
      <Filter>Language\Syntax\Expressions</Filter>
    </ClCompile>
    <ClCompile Include="Compiler\ExpressionDefinedType.cpp">
      <Filter>Language\Syntax\Types</Filter>
    </ClCompile>
    <ClCompile Include="Compiler\ExpressionStatement.cpp">
      <Filter>Language\Syntax\Statements</Filter>
    </ClCompile>
    <ClCompile Include="Compiler\FunctionDeclarationSyntax.cpp">
      <Filter>Language\Syntax\Functions</Filter>
    </ClCompile>
    <ClCompile Include="Compiler\IdentifierExpression.cpp">
      <Filter>Language\Syntax\Expressions</Filter>
    </ClCompile>
    <ClCompile Include="Compiler\LocalDeclarationStatement.cpp">
      <Filter>Language\Syntax\Statements</Filter>
    </ClCompile>
    <ClCompile Include="Compiler\NamedType.cpp">
      <Filter>Language\Syntax\Types</Filter>
    </ClCompile>
    <ClCompile Include="Compiler\NumericLiteralExpression.cpp">
      <Filter>Language\Syntax\Expressions</Filter>
    </ClCompile>
    <ClCompile Include="Compiler\OperatorAssignExpression.cpp">
      <Filter>Language\Syntax\Expressions</Filter>
    </ClCompile>
    <ClCompile Include="Compiler\PredefinedType.cpp">
      <Filter>Language\Syntax\Types</Filter>
    </ClCompile>
    <ClCompile Include="Compiler\StatementBlock.cpp">
      <Filter>Language\Syntax\Statements</Filter>
    </ClCompile>
    <ClCompile Include="Compiler\SyntaxError.cpp">
      <Filter>Language\Syntax\Errors</Filter>
    </ClCompile>
    <ClCompile Include="Compiler\SyntaxNode.cpp">
      <Filter>Language\Syntax</Filter>
    </ClCompile>
    <ClCompile Include="Compiler\SyntaxRoot.cpp">
      <Filter>Language\Syntax</Filter>
    </ClCompile>
    <ClCompile Include="Compiler\TotsAotCompiler.cpp">
      <Filter>Language\Compiler</Filter>
    </ClCompile>
    <ClCompile Include="Compiler\TypeSyntax.cpp">
      <Filter>Language\Syntax\Types</Filter>
    </ClCompile>
    <ClCompile Include="Compiler\VariableDeclaratorSyntax.cpp">
      <Filter>Language\Syntax\Variable</Filter>
    </ClCompile>
    <ClCompile Include="Compiler\TotsParserDriver.cpp">
      <Filter>Language\Syntax::Parser</Filter>
    </ClCompile>
    <ClCompile Include="Compiler\TotsParser.tab.cc">
      <Filter>Language\Syntax::Parser\Generated Files</Filter>
    </ClCompile>
    <ClCompile Include="Compiler\TotsScanner.yy.cc">
      <Filter>Language\Syntax::Parser\Generated Files</Filter>
    </ClCompile>
  </ItemGroup>
  <ItemGroup>
    <ClInclude Include="defs.h">
      <Filter>Utilities</Filter>
    </ClInclude>
    <ClInclude Include="CharCodes.h">
      <Filter>Domain</Filter>
    </ClInclude>
    <ClInclude Include="VirtualThreadWorker.h">
      <Filter>Execution</Filter>
    </ClInclude>
    <ClInclude Include="utils.h">
      <Filter>Utilities</Filter>
    </ClInclude>
    <ClInclude Include="MethodDef.h">
      <Filter>Domain\Method</Filter>
    </ClInclude>
    <ClInclude Include="MethodDefBuilder.h">
      <Filter>Domain\Method\Dev</Filter>
    </ClInclude>
    <ClInclude Include="starray.h">
      <Filter>Utilities</Filter>
    </ClInclude>
    <ClInclude Include="MethodContext.h">
      <Filter>Execution</Filter>
    </ClInclude>
    <ClInclude Include="Ops.h">
      <Filter>Utilities</Filter>
    </ClInclude>
    <ClInclude Include="ExecutionRegistry.h">
      <Filter>Execution\Registry</Filter>
    </ClInclude>
    <ClInclude Include="MethodDefTableBuilder.h">
      <Filter>Domain\Method\Dev</Filter>
    </ClInclude>
    <ClInclude Include="Compiler\ArgumentSyntax.h">
      <Filter>Language\Syntax\Functions</Filter>
    </ClInclude>
    <ClInclude Include="Compiler\AssignmentExpression.h">
      <Filter>Language\Syntax\Expressions</Filter>
    </ClInclude>
    <ClInclude Include="Compiler\BinaryOperatorExpression.h">
      <Filter>Language\Syntax\Expressions</Filter>
    </ClInclude>
    <ClInclude Include="Compiler\ExpressionDefinedType.h">
      <Filter>Language\Syntax\Types</Filter>
    </ClInclude>
    <ClInclude Include="Compiler\ExpressionStatement.h">
      <Filter>Language\Syntax\Statements</Filter>
    </ClInclude>
    <ClInclude Include="Compiler\ExpressionSyntax.h">
      <Filter>Language\Syntax\Expressions</Filter>
    </ClInclude>
    <ClInclude Include="Compiler\FunctionDeclarationSyntax.h">
      <Filter>Language\Syntax\Functions</Filter>
    </ClInclude>
    <ClInclude Include="Compiler\IdentifierExpression.h">
      <Filter>Language\Syntax\Expressions</Filter>
    </ClInclude>
    <ClInclude Include="Compiler\LocalDeclarationStatement.h">
      <Filter>Language\Syntax\Statements</Filter>
    </ClInclude>
    <ClInclude Include="Compiler\NamedType.h">
      <Filter>Language\Syntax\Types</Filter>
    </ClInclude>
    <ClInclude Include="Compiler\OperatorAssignExpression.h">
      <Filter>Language\Syntax\Expressions</Filter>
    </ClInclude>
    <ClInclude Include="Compiler\NumericLiteralExpression.h">
      <Filter>Language\Syntax\Expressions</Filter>
    </ClInclude>
    <ClInclude Include="Compiler\PredefinedType.h">
      <Filter>Language\Syntax\Types</Filter>
    </ClInclude>
    <ClInclude Include="Compiler\StatementBlock.h">
      <Filter>Language\Syntax\Statements</Filter>
    </ClInclude>
    <ClInclude Include="Compiler\StatementSyntax.h">
      <Filter>Language\Syntax\Statements</Filter>
    </ClInclude>
    <ClInclude Include="Compiler\SyntaxError.h">
      <Filter>Language\Syntax\Errors</Filter>
    </ClInclude>
    <ClInclude Include="Compiler\SyntaxKind.h">
      <Filter>Language\Syntax</Filter>
    </ClInclude>
    <ClInclude Include="Compiler\SyntaxNode.h">
      <Filter>Language\Syntax</Filter>
    </ClInclude>
    <ClInclude Include="Compiler\SyntaxRoot.h">
      <Filter>Language\Syntax</Filter>
    </ClInclude>
    <ClInclude Include="Compiler\TotsAotCompiler.h">
      <Filter>Language\Compiler</Filter>
    </ClInclude>
    <ClInclude Include="Compiler\TypeSyntax.h">
      <Filter>Language\Syntax\Types</Filter>
    </ClInclude>
    <ClInclude Include="Compiler\VariableDeclaratorSyntax.h">
      <Filter>Language\Syntax\Variable</Filter>
    </ClInclude>
    <ClInclude Include="Compiler\PredefTypes.h">
      <Filter>Language</Filter>
    </ClInclude>
    <ClInclude Include="Compiler\Operators.h">
      <Filter>Language</Filter>
    </ClInclude>
    <ClInclude Include="Compiler\Keywords.h">
      <Filter>Language</Filter>
    </ClInclude>
    <ClInclude Include="Compiler\TotsScanner.h">
      <Filter>Language\Syntax::Parser</Filter>
    </ClInclude>
    <ClInclude Include="Compiler\TotsParserDriver.h">
      <Filter>Language\Syntax::Parser</Filter>
    </ClInclude>
    <ClInclude Include="Compiler\stack.hh">
      <Filter>Language\Syntax::Parser\Generated Files</Filter>
    </ClInclude>
    <ClInclude Include="Compiler\TotsParser.tab.hh">
      <Filter>Language\Syntax::Parser\Generated Files</Filter>
    </ClInclude>
  </ItemGroup>
  <ItemGroup>
    <None Include="Compiler\TotsParser_unused.y">
      <Filter>Language\Syntax::Parser\Flex &amp; Bison Files\Unused</Filter>
    </None>
    <None Include="Compiler\TotsLexer_unused.l">
      <Filter>Language\Syntax::Parser\Flex &amp; Bison Files\Unused</Filter>
    </None>
    <None Include="Compiler\TotsParser.output">
      <Filter>Language\Syntax::Parser\Generated Files</Filter>
    </None>
  </ItemGroup>
  <ItemGroup>
    <CustomBuild Include="Compiler\TotsScanner.l">
      <Filter>Language\Syntax::Parser\Flex &amp; Bison Files</Filter>
    </CustomBuild>
    <CustomBuild Include="Compiler\TotsParser.yy">
      <Filter>Language\Syntax::Parser\Flex &amp; Bison Files</Filter>
    </CustomBuild>
  </ItemGroup>
</Project>