<?xml version="1.0" encoding="utf-8"?>
<Project ToolsVersion="4.0" xmlns="http://schemas.microsoft.com/developer/msbuild/2003">
  <ItemGroup>
    <Filter Include="Utilities">
      <UniqueIdentifier>{a39b5ffb-28d1-44ba-ae14-c5a3528b15a7}</UniqueIdentifier>
    </Filter>
    <Filter Include="Execution">
      <UniqueIdentifier>{48950187-0daf-402a-b53b-66618b91c08a}</UniqueIdentifier>
    </Filter>
    <Filter Include="Domain">
      <UniqueIdentifier>{00889efc-0956-407c-b065-e46e2a40c4a9}</UniqueIdentifier>
    </Filter>
    <Filter Include="Domain\Method">
      <UniqueIdentifier>{b91ffbf1-56dc-4f10-9f87-1e3c924fd629}</UniqueIdentifier>
    </Filter>
    <Filter Include="Domain\Method\Dev">
      <UniqueIdentifier>{c6225671-798a-4e2f-b4c2-16e23598ddb6}</UniqueIdentifier>
    </Filter>
  </ItemGroup>
  <ItemGroup>
    <ClCompile Include="main.cpp" />
    <ClCompile Include="TotsRunner.cpp">
      <Filter>Execution</Filter>
    </ClCompile>
    <ClCompile Include="utils.cpp">
      <Filter>Utilities</Filter>
    </ClCompile>
    <ClCompile Include="MethodDefBuilder.cpp">
      <Filter>Domain\Method\Dev</Filter>
    </ClCompile>
    <ClCompile Include="VirtualThreadWorker.cpp">
      <Filter>Execution</Filter>
    </ClCompile>
    <ClCompile Include="Ops.cpp">
      <Filter>Utilities</Filter>
    </ClCompile>
    <ClCompile Include="MethodContext.cpp">
      <Filter>Execution</Filter>
    </ClCompile>
  </ItemGroup>
  <ItemGroup>
    <ClInclude Include="defs.h">
      <Filter>Utilities</Filter>
    </ClInclude>
    <ClInclude Include="TotsRunner.h">
      <Filter>Execution</Filter>
    </ClInclude>
    <ClInclude Include="CharCodes.h">
      <Filter>Domain</Filter>
    </ClInclude>
    <ClInclude Include="VirtualThreadWorker.h">
      <Filter>Execution</Filter>
    </ClInclude>
    <ClInclude Include="utils.h">
      <Filter>Utilities</Filter>
    </ClInclude>
    <ClInclude Include="MethodDef.h">
      <Filter>Domain\Method</Filter>
    </ClInclude>
    <ClInclude Include="MethodDefBuilder.h">
      <Filter>Domain\Method\Dev</Filter>
    </ClInclude>
    <ClInclude Include="starray.h">
      <Filter>Utilities</Filter>
    </ClInclude>
    <ClInclude Include="MethodContext.h">
      <Filter>Execution</Filter>
    </ClInclude>
    <ClInclude Include="Ops.h">
      <Filter>Utilities</Filter>
    </ClInclude>
  </ItemGroup>
</Project>